
Microsoft Visual Studio Solution File, Format Version 12.00
# Visual Studio Version 17
VisualStudioVersion = 17.6.33829.357
MinimumVisualStudioVersion = 10.0.40219.1
Project("{2150E333-8FDC-42A3-9474-1A3956D46DE8}") = "1 - WebAPI", "1 - WebAPI", "{178487E9-B708-4312-8856-0FCA276FA2D4}"
EndProject
Project("{2150E333-8FDC-42A3-9474-1A3956D46DE8}") = "2 - Application Service", "2 - Application Service", "{49CA5BB0-F3CE-4F70-BEDA-502D878463FC}"
EndProject
Project("{2150E333-8FDC-42A3-9474-1A3956D46DE8}") = "3 - Domain", "3 - Domain", "{64819665-6F51-4869-85D5-0694B1068069}"
EndProject
Project("{2150E333-8FDC-42A3-9474-1A3956D46DE8}") = "4 - Infra", "4 - Infra", "{203400F6-BC60-4CCB-8D8A-8FD3A41B47FA}"
EndProject
Project("{2150E333-8FDC-42A3-9474-1A3956D46DE8}") = "5 - Core", "5 - Core", "{AA335A0B-2033-470A-9C72-209B935C1FE0}"
EndProject
Project("{FAE04EC0-301F-11D3-BF4B-00C04F79EFBC}") = "PixAPI.WebAPI", "PixAPI.WebAPI\PixAPI.WebAPI.csproj", "{1BB8998A-5E9D-43E3-AAA4-A469AA744538}"
EndProject
Project("{FAE04EC0-301F-11D3-BF4B-00C04F79EFBC}") = "PixAPI.ApplicationService", "PixAPI.ApplicationService\PixAPI.ApplicationService.csproj", "{F94668A1-8FAD-4736-8E0B-4AF7FD97C04A}"
EndProject
Project("{FAE04EC0-301F-11D3-BF4B-00C04F79EFBC}") = "PixAPI.Domain", "PixAPI.Domain\PixAPI.Domain.csproj", "{1667B92B-AA41-4B02-94E5-EA031A2E17D6}"
EndProject
Project("{FAE04EC0-301F-11D3-BF4B-00C04F79EFBC}") = "PixAPI.CrossCutting", "PixAPI.CrossCutting\PixAPI.CrossCutting.csproj", "{E9FDDC19-401B-493C-ADDB-25CDB3C37830}"
EndProject
Project("{FAE04EC0-301F-11D3-BF4B-00C04F79EFBC}") = "PixAPI.Data.SqlServer", "PixAPI.Data.SqlServer\PixAPI.Data.SqlServer.csproj", "{B822414F-7405-4E73-BD61-0153357615FB}"
EndProject
Project("{FAE04EC0-301F-11D3-BF4B-00C04F79EFBC}") = "PixAPI.Core", "PixAPI.Core\PixAPI.Core.csproj", "{02CADD6C-2753-470D-911A-0DEE4F050E8A}"
EndProject
Project("{FAE04EC0-301F-11D3-BF4B-00C04F79EFBC}") = "PixAPI.Core.Data.SqlServer", "PixAPI.Core.Data.SqlServer\PixAPI.Core.Data.SqlServer.csproj", "{1FE76084-EB20-4702-8393-5790A9673348}"
EndProject
Global
	GlobalSection(SolutionConfigurationPlatforms) = preSolution
		Debug|Any CPU = Debug|Any CPU
		Release|Any CPU = Release|Any CPU
	EndGlobalSection
	GlobalSection(ProjectConfigurationPlatforms) = postSolution
		{1BB8998A-5E9D-43E3-AAA4-A469AA744538}.Debug|Any CPU.ActiveCfg = Debug|Any CPU
		{1BB8998A-5E9D-43E3-AAA4-A469AA744538}.Debug|Any CPU.Build.0 = Debug|Any CPU
		{1BB8998A-5E9D-43E3-AAA4-A469AA744538}.Release|Any CPU.ActiveCfg = Release|Any CPU
		{1BB8998A-5E9D-43E3-AAA4-A469AA744538}.Release|Any CPU.Build.0 = Release|Any CPU
		{F94668A1-8FAD-4736-8E0B-4AF7FD97C04A}.Debug|Any CPU.ActiveCfg = Debug|Any CPU
		{F94668A1-8FAD-4736-8E0B-4AF7FD97C04A}.Debug|Any CPU.Build.0 = Debug|Any CPU
		{F94668A1-8FAD-4736-8E0B-4AF7FD97C04A}.Release|Any CPU.ActiveCfg = Release|Any CPU
		{F94668A1-8FAD-4736-8E0B-4AF7FD97C04A}.Release|Any CPU.Build.0 = Release|Any CPU
		{1667B92B-AA41-4B02-94E5-EA031A2E17D6}.Debug|Any CPU.ActiveCfg = Debug|Any CPU
		{1667B92B-AA41-4B02-94E5-EA031A2E17D6}.Debug|Any CPU.Build.0 = Debug|Any CPU
		{1667B92B-AA41-4B02-94E5-EA031A2E17D6}.Release|Any CPU.ActiveCfg = Release|Any CPU
		{1667B92B-AA41-4B02-94E5-EA031A2E17D6}.Release|Any CPU.Build.0 = Release|Any CPU
		{E9FDDC19-401B-493C-ADDB-25CDB3C37830}.Debug|Any CPU.ActiveCfg = Debug|Any CPU
		{E9FDDC19-401B-493C-ADDB-25CDB3C37830}.Debug|Any CPU.Build.0 = Debug|Any CPU
		{E9FDDC19-401B-493C-ADDB-25CDB3C37830}.Release|Any CPU.ActiveCfg = Release|Any CPU
		{E9FDDC19-401B-493C-ADDB-25CDB3C37830}.Release|Any CPU.Build.0 = Release|Any CPU
		{B822414F-7405-4E73-BD61-0153357615FB}.Debug|Any CPU.ActiveCfg = Debug|Any CPU
		{B822414F-7405-4E73-BD61-0153357615FB}.Debug|Any CPU.Build.0 = Debug|Any CPU
		{B822414F-7405-4E73-BD61-0153357615FB}.Release|Any CPU.ActiveCfg = Release|Any CPU
		{B822414F-7405-4E73-BD61-0153357615FB}.Release|Any CPU.Build.0 = Release|Any CPU
		{02CADD6C-2753-470D-911A-0DEE4F050E8A}.Debug|Any CPU.ActiveCfg = Debug|Any CPU
		{02CADD6C-2753-470D-911A-0DEE4F050E8A}.Debug|Any CPU.Build.0 = Debug|Any CPU
		{02CADD6C-2753-470D-911A-0DEE4F050E8A}.Release|Any CPU.ActiveCfg = Release|Any CPU
		{02CADD6C-2753-470D-911A-0DEE4F050E8A}.Release|Any CPU.Build.0 = Release|Any CPU
		{1FE76084-EB20-4702-8393-5790A9673348}.Debug|Any CPU.ActiveCfg = Debug|Any CPU
		{1FE76084-EB20-4702-8393-5790A9673348}.Debug|Any CPU.Build.0 = Debug|Any CPU
		{1FE76084-EB20-4702-8393-5790A9673348}.Release|Any CPU.ActiveCfg = Release|Any CPU
		{1FE76084-EB20-4702-8393-5790A9673348}.Release|Any CPU.Build.0 = Release|Any CPU
	EndGlobalSection
	GlobalSection(SolutionProperties) = preSolution
		HideSolutionNode = FALSE
	EndGlobalSection
	GlobalSection(NestedProjects) = preSolution
		{1BB8998A-5E9D-43E3-AAA4-A469AA744538} = {178487E9-B708-4312-8856-0FCA276FA2D4}
		{F94668A1-8FAD-4736-8E0B-4AF7FD97C04A} = {49CA5BB0-F3CE-4F70-BEDA-502D878463FC}
		{1667B92B-AA41-4B02-94E5-EA031A2E17D6} = {64819665-6F51-4869-85D5-0694B1068069}
		{E9FDDC19-401B-493C-ADDB-25CDB3C37830} = {203400F6-BC60-4CCB-8D8A-8FD3A41B47FA}
		{B822414F-7405-4E73-BD61-0153357615FB} = {203400F6-BC60-4CCB-8D8A-8FD3A41B47FA}
		{02CADD6C-2753-470D-911A-0DEE4F050E8A} = {AA335A0B-2033-470A-9C72-209B935C1FE0}
		{1FE76084-EB20-4702-8393-5790A9673348} = {AA335A0B-2033-470A-9C72-209B935C1FE0}
	EndGlobalSection
	GlobalSection(ExtensibilityGlobals) = postSolution
		SolutionGuid = {BB4973D1-C9AE-4A31-9B44-D732CD232B18}
	EndGlobalSection
EndGlobal
